
Microsoft Visual Studio Solution File, Format Version 12.00
# Visual Studio 15
VisualStudioVersion = 15.0.28307.329
MinimumVisualStudioVersion = 10.0.40219.1
Project("{FAE04EC0-301F-11D3-BF4B-00C04F79EFBC}") = "AntiSniffer", "AntiSniffer\AntiSniffer.csproj", "{418F00B5-558E-4AB3-892F-80027FECEC86}"
EndProject
Global
	GlobalSection(SolutionConfigurationPlatforms) = preSolution
		Debug|Any CPU = Debug|Any CPU
		Release|Any CPU = Release|Any CPU
	EndGlobalSection
	GlobalSection(ProjectConfigurationPlatforms) = postSolution
		{418F00B5-558E-4AB3-892F-80027FECEC86}.Debug|Any CPU.ActiveCfg = Debug|Any CPU
		{418F00B5-558E-4AB3-892F-80027FECEC86}.Debug|Any CPU.Build.0 = Debug|Any CPU
		{418F00B5-558E-4AB3-892F-80027FECEC86}.Release|Any CPU.ActiveCfg = Release|Any CPU
		{418F00B5-558E-4AB3-892F-80027FECEC86}.Release|Any CPU.Build.0 = Release|Any CPU
	EndGlobalSection
	GlobalSection(SolutionProperties) = preSolution
		HideSolutionNode = FALSE
	EndGlobalSection
	GlobalSection(ExtensibilityGlobals) = postSolution
		SolutionGuid = {7A9282FD-C4FF-4A33-941C-2152F8339F92}
	EndGlobalSection
EndGlobal
